
Microsoft Visual Studio Solution File, Format Version 12.00
# Visual Studio Version 17
VisualStudioVersion = 17.4.33110.190
MinimumVisualStudioVersion = 10.0.40219.1
Project("{FAE04EC0-301F-11D3-BF4B-00C04F79EFBC}") = "VK_API", "VK_API.csproj", "{D8D79697-AA18-4620-A058-61EF35DEE04B}"
EndProject
Global
	GlobalSection(SolutionConfigurationPlatforms) = preSolution
		Debug|Any CPU = Debug|Any CPU
		Release|Any CPU = Release|Any CPU
	EndGlobalSection
	GlobalSection(ProjectConfigurationPlatforms) = postSolution
		{D8D79697-AA18-4620-A058-61EF35DEE04B}.Debug|Any CPU.ActiveCfg = Debug|Any CPU
		{D8D79697-AA18-4620-A058-61EF35DEE04B}.Debug|Any CPU.Build.0 = Debug|Any CPU
		{D8D79697-AA18-4620-A058-61EF35DEE04B}.Release|Any CPU.ActiveCfg = Release|Any CPU
		{D8D79697-AA18-4620-A058-61EF35DEE04B}.Release|Any CPU.Build.0 = Release|Any CPU
	EndGlobalSection
	GlobalSection(SolutionProperties) = preSolution
		HideSolutionNode = FALSE
	EndGlobalSection
	GlobalSection(ExtensibilityGlobals) = postSolution
		SolutionGuid = {86F2F05E-2A99-460C-86EF-5A8A1B08828B}
	EndGlobalSection
EndGlobal
